
Microsoft Visual Studio Solution File, Format Version 12.00
# Visual Studio 15
VisualStudioVersion = 15.0.27130.2027
MinimumVisualStudioVersion = 10.0.40219.1
Project("{9A19103F-16F7-4668-BE54-9A1E7A4F7556}") = "LambdaSkill", "LambdaSkill\LambdaSkill.csproj", "{EE0C2DFB-CD28-4563-A615-9F982410C97E}"
EndProject
Project("{9A19103F-16F7-4668-BE54-9A1E7A4F7556}") = "Api", "Api\Api.csproj", "{23C68C3C-7945-44FB-82C6-4ABFF9EF9AC6}"
EndProject
Project("{E53339B2-1760-4266-BCC7-CA923CBCF16C}") = "docker-compose", "docker-compose.dcproj", "{D7993852-6895-4894-B64F-81B3F7BA2760}"
EndProject
Global
	GlobalSection(SolutionConfigurationPlatforms) = preSolution
		Debug|Any CPU = Debug|Any CPU
		Release|Any CPU = Release|Any CPU
	EndGlobalSection
	GlobalSection(ProjectConfigurationPlatforms) = postSolution
		{EE0C2DFB-CD28-4563-A615-9F982410C97E}.Debug|Any CPU.ActiveCfg = Debug|Any CPU
		{EE0C2DFB-CD28-4563-A615-9F982410C97E}.Debug|Any CPU.Build.0 = Debug|Any CPU
		{EE0C2DFB-CD28-4563-A615-9F982410C97E}.Release|Any CPU.ActiveCfg = Release|Any CPU
		{EE0C2DFB-CD28-4563-A615-9F982410C97E}.Release|Any CPU.Build.0 = Release|Any CPU
		{23C68C3C-7945-44FB-82C6-4ABFF9EF9AC6}.Debug|Any CPU.ActiveCfg = Debug|Any CPU
		{23C68C3C-7945-44FB-82C6-4ABFF9EF9AC6}.Debug|Any CPU.Build.0 = Debug|Any CPU
		{23C68C3C-7945-44FB-82C6-4ABFF9EF9AC6}.Release|Any CPU.ActiveCfg = Release|Any CPU
		{23C68C3C-7945-44FB-82C6-4ABFF9EF9AC6}.Release|Any CPU.Build.0 = Release|Any CPU
		{D7993852-6895-4894-B64F-81B3F7BA2760}.Debug|Any CPU.ActiveCfg = Debug|Any CPU
		{D7993852-6895-4894-B64F-81B3F7BA2760}.Debug|Any CPU.Build.0 = Debug|Any CPU
		{D7993852-6895-4894-B64F-81B3F7BA2760}.Release|Any CPU.ActiveCfg = Release|Any CPU
		{D7993852-6895-4894-B64F-81B3F7BA2760}.Release|Any CPU.Build.0 = Release|Any CPU
	EndGlobalSection
	GlobalSection(SolutionProperties) = preSolution
		HideSolutionNode = FALSE
	EndGlobalSection
	GlobalSection(ExtensibilityGlobals) = postSolution
		SolutionGuid = {25E2D473-48B6-4DB5-A4AD-AEC3889E8A63}
	EndGlobalSection
EndGlobal
